
Microsoft Visual Studio Solution File, Format Version 12.00
# Visual Studio Version 17
VisualStudioVersion = 17.0.32014.148
MinimumVisualStudioVersion = 10.0.40219.1
Project("{FAE04EC0-301F-11D3-BF4B-00C04F79EFBC}") = "AllWebApi", "AllWebApi.csproj", "{0CBDD553-1F23-4E80-ACAE-34190A14BEA8}"
EndProject
Project("{FAE04EC0-301F-11D3-BF4B-00C04F79EFBC}") = "classADO-AllWebApi", "..\classADO-AllWebApi\classADO-AllWebApi.csproj", "{76059E98-7C30-4E56-9FDA-63B127BE9404}"
EndProject
Global
	GlobalSection(SolutionConfigurationPlatforms) = preSolution
		Debug|Any CPU = Debug|Any CPU
		Release|Any CPU = Release|Any CPU
	EndGlobalSection
	GlobalSection(ProjectConfigurationPlatforms) = postSolution
		{0CBDD553-1F23-4E80-ACAE-34190A14BEA8}.Debug|Any CPU.ActiveCfg = Debug|Any CPU
		{0CBDD553-1F23-4E80-ACAE-34190A14BEA8}.Debug|Any CPU.Build.0 = Debug|Any CPU
		{0CBDD553-1F23-4E80-ACAE-34190A14BEA8}.Release|Any CPU.ActiveCfg = Release|Any CPU
		{0CBDD553-1F23-4E80-ACAE-34190A14BEA8}.Release|Any CPU.Build.0 = Release|Any CPU
		{76059E98-7C30-4E56-9FDA-63B127BE9404}.Debug|Any CPU.ActiveCfg = Debug|Any CPU
		{76059E98-7C30-4E56-9FDA-63B127BE9404}.Debug|Any CPU.Build.0 = Debug|Any CPU
		{76059E98-7C30-4E56-9FDA-63B127BE9404}.Release|Any CPU.ActiveCfg = Release|Any CPU
		{76059E98-7C30-4E56-9FDA-63B127BE9404}.Release|Any CPU.Build.0 = Release|Any CPU
	EndGlobalSection
	GlobalSection(SolutionProperties) = preSolution
		HideSolutionNode = FALSE
	EndGlobalSection
	GlobalSection(ExtensibilityGlobals) = postSolution
		SolutionGuid = {5091EAC1-5E3D-4A01-B689-2528AA6F06CE}
	EndGlobalSection
EndGlobal
